{
  "name": "benchmark",
  "version": "1.0.0",
  "lockfileVersion": 1,
  "requires": true,
  "dependencies": {
    "ss-search": {
      "version": "1.5.0",
      "resolved": "https://registry.npmjs.org/ss-search/-/ss-search-1.5.0.tgz",
      "integrity": "sha512-hG93TaLDSdlHhYKESBA69dJS9Koy7lEsONeD88jFh+Kvoud042CNSLXkZloG3AbX2mHTlpn79E5JzFYvtP9Dgg=="
    }
  }
}
