{
  "requires": true,
  "lockfileVersion": 1,
  "dependencies": {
    "lodash": {
      "version": "4.17.15",
      "resolved": "https://registry.npmjs.org/lodash/-/lodash-4.17.15.tgz",
      "integrity": "sha512-8xOcRHvCjnocdS5cpwXQXVzmmh5e5+saE2QGoeQmbKmRS6J3VQppPOIt0MnmE+4xlZoumy0GPG0D0MVIQbNA1A=="
    },
    "ss-search": {
      "version": "1.0.0",
      "resolved": "https://registry.npmjs.org/ss-search/-/ss-search-1.0.0.tgz",
      "integrity": "sha512-m8K2nbJL5YRaIZRTBwWB5lnITEHAs5z/ulMeY7CEF0PEqJHJvxy0btYqT/3QiZ7CBm/0Ry+kAz88W7E00T9gtw==",
      "requires": {
        "lodash": "^4.17.15"
      }
    }
  }
}
