{
  "name": "app",
  "version": "0.1.0",
  "lockfileVersion": 1,
  "requires": true,
  "dependencies": {
    "@types/lodash": {
      "version": "4.14.150",
      "resolved": "https://registry.npmjs.org/@types/lodash/-/lodash-4.14.150.tgz",
      "integrity": "sha512-kMNLM5JBcasgYscD9x/Gvr6lTAv2NVgsKtet/hm93qMyf/D1pt+7jeEZklKJKxMVmXjxbRVQQGfqDSfipYCO6w==",
      "dev": true
    },
    "@types/node": {
      "version": "12.12.37",
      "resolved": "https://registry.npmjs.org/@types/node/-/node-12.12.37.tgz",
      "integrity": "sha512-4mXKoDptrXAwZErQHrLzpe0FN/0Wmf5JRniSVIdwUrtDf9wnmEV1teCNLBo/TwuXhkK/bVegoEn/wmb+x0AuPg=="
    },
    "typescript": {
      "version": "3.7.5",
      "resolved": "https://registry.npmjs.org/typescript/-/typescript-3.7.5.tgz",
      "integrity": "sha512-/P5lkRXkWHNAbcJIiHPfRoKqyd7bsyCma1hZNUGfn20qm64T6ZBlrzprymeu918H+mB/0rIg2gGK/BXkhhYgBw=="
    }
  }
}
